
Microsoft Visual Studio Solution File, Format Version 12.00
# Visual Studio Version 17
VisualStudioVersion = 17.5.33424.131
MinimumVisualStudioVersion = 10.0.40219.1
Project("{9A19103F-16F7-4668-BE54-9A1E7A4F7556}") = "OOProgramming", "OOProgramming\OOProgramming.csproj", "{85CBC1DE-CBAC-4EA0-A4B1-945FF318EEB2}"
EndProject
Project("{FAE04EC0-301F-11D3-BF4B-00C04F79EFBC}") = "OOProgramming.Tests", "OOProgramming.Tests\OOProgramming.Tests.csproj", "{247F463B-1963-46A2-9551-E8D0D5980A92}"
EndProject
Global
	GlobalSection(SolutionConfigurationPlatforms) = preSolution
		Debug|Any CPU = Debug|Any CPU
		Release|Any CPU = Release|Any CPU
	EndGlobalSection
	GlobalSection(ProjectConfigurationPlatforms) = postSolution
		{85CBC1DE-CBAC-4EA0-A4B1-945FF318EEB2}.Debug|Any CPU.ActiveCfg = Debug|Any CPU
		{85CBC1DE-CBAC-4EA0-A4B1-945FF318EEB2}.Debug|Any CPU.Build.0 = Debug|Any CPU
		{85CBC1DE-CBAC-4EA0-A4B1-945FF318EEB2}.Release|Any CPU.ActiveCfg = Release|Any CPU
		{85CBC1DE-CBAC-4EA0-A4B1-945FF318EEB2}.Release|Any CPU.Build.0 = Release|Any CPU
		{247F463B-1963-46A2-9551-E8D0D5980A92}.Debug|Any CPU.ActiveCfg = Debug|Any CPU
		{247F463B-1963-46A2-9551-E8D0D5980A92}.Debug|Any CPU.Build.0 = Debug|Any CPU
		{247F463B-1963-46A2-9551-E8D0D5980A92}.Release|Any CPU.ActiveCfg = Release|Any CPU
		{247F463B-1963-46A2-9551-E8D0D5980A92}.Release|Any CPU.Build.0 = Release|Any CPU
	EndGlobalSection
	GlobalSection(SolutionProperties) = preSolution
		HideSolutionNode = FALSE
	EndGlobalSection
	GlobalSection(ExtensibilityGlobals) = postSolution
		SolutionGuid = {AFD7AA20-82E4-4D6E-AC44-E9E36420C6B6}
	EndGlobalSection
EndGlobal
